
Microsoft Visual Studio Solution File, Format Version 12.00
# Visual Studio 15
VisualStudioVersion = 15.0.28307.779
MinimumVisualStudioVersion = 10.0.40219.1
Project("{8BC9CEB8-8B4A-11D0-8D11-00A0C91BC942}") = "print_triangular", "print_triangular\print_triangular.vcxproj", "{F88DE41B-2F7C-4394-A579-AFDBC4354988}"
EndProject
Global
	GlobalSection(SolutionConfigurationPlatforms) = preSolution
		Debug|x64 = Debug|x64
		Debug|x86 = Debug|x86
		Release|x64 = Release|x64
		Release|x86 = Release|x86
	EndGlobalSection
	GlobalSection(ProjectConfigurationPlatforms) = postSolution
		{F88DE41B-2F7C-4394-A579-AFDBC4354988}.Debug|x64.ActiveCfg = Debug|x64
		{F88DE41B-2F7C-4394-A579-AFDBC4354988}.Debug|x64.Build.0 = Debug|x64
		{F88DE41B-2F7C-4394-A579-AFDBC4354988}.Debug|x86.ActiveCfg = Debug|Win32
		{F88DE41B-2F7C-4394-A579-AFDBC4354988}.Debug|x86.Build.0 = Debug|Win32
		{F88DE41B-2F7C-4394-A579-AFDBC4354988}.Release|x64.ActiveCfg = Release|x64
		{F88DE41B-2F7C-4394-A579-AFDBC4354988}.Release|x64.Build.0 = Release|x64
		{F88DE41B-2F7C-4394-A579-AFDBC4354988}.Release|x86.ActiveCfg = Release|Win32
		{F88DE41B-2F7C-4394-A579-AFDBC4354988}.Release|x86.Build.0 = Release|Win32
	EndGlobalSection
	GlobalSection(SolutionProperties) = preSolution
		HideSolutionNode = FALSE
	EndGlobalSection
	GlobalSection(ExtensibilityGlobals) = postSolution
		SolutionGuid = {8EBE50FF-91EF-46A5-A993-E1FF207C0A03}
	EndGlobalSection
EndGlobal
